{
  "name": "wicked-core-ts",
  "version": "0.7.25",
  "lockfileVersion": 3,
  "requires": true,
  "packages": {
    "": {
      "name": "wicked-core-ts",
      "version": "0.7.25",
      "license": "MIT",
      "devDependencies": {
        "@napi-rs/cli": "^2.18.4",
        "typescript": "~6.0.2"
      },
      "engines": {
        "node": ">= 20"
      },
      "optionalDependencies": {
        "wicked-core-ts-darwin-arm64": "0.7.25",
        "wicked-core-ts-darwin-x64": "0.7.25",
        "wicked-core-ts-linux-arm64-gnu": "0.7.25",
        "wicked-core-ts-linux-x64-gnu": "0.7.25",
        "wicked-core-ts-win32-x64-msvc": "0.7.25"
      }
    },
    "node_modules/@napi-rs/cli": {
      "version": "2.18.4",
      "resolved": "https://registry.npmjs.org/@napi-rs/cli/-/cli-2.18.4.tgz",
      "integrity": "sha512-SgJeA4df9DE2iAEpr3M2H0OKl/yjtg1BnRI5/JyowS71tUWhrfSu2LT0V3vlHET+g1hBVlrO60PmEXwUEKp8Mg==",
      "dev": true,
      "license": "MIT",
      "bin": {
        "napi": "scripts/index.js"
      },
      "engines": {
        "node": ">= 10"
      },
      "funding": {
        "type": "github",
        "url": "https://github.com/sponsors/Brooooooklyn"
      }
    },
    "node_modules/typescript": {
      "version": "6.0.3",
      "resolved": "https://registry.npmjs.org/typescript/-/typescript-6.0.3.tgz",
      "integrity": "sha512-y2TvuxSZPDyQakkFRPZHKFm+KKVqIisdg9/CZwm9ftvKXLP8NRWj38/ODjNbr43SsoXqNuAisEf1GdCxqWcdBw==",
      "dev": true,
      "license": "Apache-2.0",
      "bin": {
        "tsc": "bin/tsc",
        "tsserver": "bin/tsserver"
      },
      "engines": {
        "node": ">=14.17"
      }
    },
    "node_modules/wicked-core-ts-darwin-arm64": {
      "version": "0.7.25",
      "resolved": "https://registry.npmjs.org/wicked-core-ts-darwin-arm64/-/wicked-core-ts-darwin-arm64-0.7.25.tgz",
      "integrity": "sha512-TB6u2JZZYdQ0Vlp4PUJKKRKpwSk0MRP31iAmNjpo4znK5zU9SjNPlOcLM4gmussfIi4mhBqAcaAwabmsqOrW3Q==",
      "cpu": [
        "arm64"
      ],
      "license": "MIT",
      "optional": true,
      "os": [
        "darwin"
      ],
      "engines": {
        "node": ">= 20"
      }
    },
    "node_modules/wicked-core-ts-darwin-x64": {
      "version": "0.7.25",
      "resolved": "https://registry.npmjs.org/wicked-core-ts-darwin-x64/-/wicked-core-ts-darwin-x64-0.7.25.tgz",
      "integrity": "sha512-//usjG51WETHKvL57A/yz6TLIRKQefrREoW4uoaCzwg0o3ofThY4sG+AlKpBwYzW9XwAkQtfC1PV3oaLFAoumg==",
      "cpu": [
        "x64"
      ],
      "license": "MIT",
      "optional": true,
      "os": [
        "darwin"
      ],
      "engines": {
        "node": ">= 20"
      }
    },
    "node_modules/wicked-core-ts-linux-arm64-gnu": {
      "version": "0.7.25",
      "resolved": "https://registry.npmjs.org/wicked-core-ts-linux-arm64-gnu/-/wicked-core-ts-linux-arm64-gnu-0.7.25.tgz",
      "integrity": "sha512-hXK/5xuMzsyHhZSCG/6JCxNqsuzylO5TuTQt9iayEap4vNVhkXdLfMkwVzeGSkYsjOYFBe3UfvD9NlepTxojjQ==",
      "cpu": [
        "arm64"
      ],
      "libc": [
        "glibc"
      ],
      "license": "MIT",
      "optional": true,
      "os": [
        "linux"
      ],
      "engines": {
        "node": ">= 20"
      }
    },
    "node_modules/wicked-core-ts-linux-x64-gnu": {
      "version": "0.7.25",
      "resolved": "https://registry.npmjs.org/wicked-core-ts-linux-x64-gnu/-/wicked-core-ts-linux-x64-gnu-0.7.25.tgz",
      "integrity": "sha512-MD/1GF6AAcYnYT1+kXRL5flFNUFrxsa6xN5iyhKeOeXzKS7wUGUpF2NyLL26ELZRKj9jv3KR3UGrjIcgMe5LnQ==",
      "cpu": [
        "x64"
      ],
      "libc": [
        "glibc"
      ],
      "license": "MIT",
      "optional": true,
      "os": [
        "linux"
      ],
      "engines": {
        "node": ">= 20"
      }
    },
    "node_modules/wicked-core-ts-win32-x64-msvc": {
      "version": "0.7.25",
      "resolved": "https://registry.npmjs.org/wicked-core-ts-win32-x64-msvc/-/wicked-core-ts-win32-x64-msvc-0.7.25.tgz",
      "integrity": "sha512-jfQWGYvBMNrnwl5e/eK4683bpSZ9H1pOE0PlOwoN6fzboqyDfELulXZyH2IoxYeXPJbpfQM/Qs+RFajegwcfJQ==",
      "cpu": [
        "x64"
      ],
      "license": "MIT",
      "optional": true,
      "os": [
        "win32"
      ],
      "engines": {
        "node": ">= 20"
      }
    }
  }
}
