{
  "name": "wicked-core-ts",
  "version": "0.7.30",
  "lockfileVersion": 3,
  "requires": true,
  "packages": {
    "": {
      "name": "wicked-core-ts",
      "version": "0.7.30",
      "license": "MIT",
      "devDependencies": {
        "@napi-rs/cli": "^2.18.4",
        "typescript": "~6.0.2"
      },
      "engines": {
        "node": ">= 20"
      },
      "optionalDependencies": {
        "wicked-core-ts-darwin-arm64": "0.7.30",
        "wicked-core-ts-darwin-x64": "0.7.30",
        "wicked-core-ts-linux-arm64-gnu": "0.7.30",
        "wicked-core-ts-linux-x64-gnu": "0.7.30",
        "wicked-core-ts-win32-x64-msvc": "0.7.30"
      }
    },
    "node_modules/@napi-rs/cli": {
      "version": "2.18.4",
      "resolved": "https://registry.npmjs.org/@napi-rs/cli/-/cli-2.18.4.tgz",
      "integrity": "sha512-SgJeA4df9DE2iAEpr3M2H0OKl/yjtg1BnRI5/JyowS71tUWhrfSu2LT0V3vlHET+g1hBVlrO60PmEXwUEKp8Mg==",
      "dev": true,
      "license": "MIT",
      "bin": {
        "napi": "scripts/index.js"
      },
      "engines": {
        "node": ">= 10"
      },
      "funding": {
        "type": "github",
        "url": "https://github.com/sponsors/Brooooooklyn"
      }
    },
    "node_modules/typescript": {
      "version": "6.0.3",
      "resolved": "https://registry.npmjs.org/typescript/-/typescript-6.0.3.tgz",
      "integrity": "sha512-y2TvuxSZPDyQakkFRPZHKFm+KKVqIisdg9/CZwm9ftvKXLP8NRWj38/ODjNbr43SsoXqNuAisEf1GdCxqWcdBw==",
      "dev": true,
      "license": "Apache-2.0",
      "bin": {
        "tsc": "bin/tsc",
        "tsserver": "bin/tsserver"
      },
      "engines": {
        "node": ">=14.17"
      }
    },
    "node_modules/wicked-core-ts-darwin-arm64": {
      "version": "0.7.30",
      "resolved": "https://registry.npmjs.org/wicked-core-ts-darwin-arm64/-/wicked-core-ts-darwin-arm64-0.7.30.tgz",
      "integrity": "sha512-2VZwyRMU0PEoHx671XU1/ETCW3FLQQ0SyaHj3aGMPCIGe+MvKN4uajbgQQymYQnIjQHdX4j4hEnjxUzpD9XX0Q==",
      "cpu": [
        "arm64"
      ],
      "license": "MIT",
      "optional": true,
      "os": [
        "darwin"
      ],
      "engines": {
        "node": ">= 20"
      }
    },
    "node_modules/wicked-core-ts-darwin-x64": {
      "version": "0.7.30",
      "resolved": "https://registry.npmjs.org/wicked-core-ts-darwin-x64/-/wicked-core-ts-darwin-x64-0.7.30.tgz",
      "integrity": "sha512-ekKKxZsE0EmIL+K8l/ZQg8GvUmoYt3En/jXwt3ToMfDSI1KZ6hQd3A09bmPAUaWwHwZdRIOA/2wq1VMDwnTCHw==",
      "cpu": [
        "x64"
      ],
      "license": "MIT",
      "optional": true,
      "os": [
        "darwin"
      ],
      "engines": {
        "node": ">= 20"
      }
    },
    "node_modules/wicked-core-ts-linux-arm64-gnu": {
      "version": "0.7.30",
      "resolved": "https://registry.npmjs.org/wicked-core-ts-linux-arm64-gnu/-/wicked-core-ts-linux-arm64-gnu-0.7.30.tgz",
      "integrity": "sha512-YLcrXVFWtfGy2qHmrjmhJWx79TAn7tV/fFi9KPdG2o+sNtEKbWvXpUc31FKc+hZr2G+QRjdBo3YBAuyqhfqF6Q==",
      "cpu": [
        "arm64"
      ],
      "libc": [
        "glibc"
      ],
      "license": "MIT",
      "optional": true,
      "os": [
        "linux"
      ],
      "engines": {
        "node": ">= 20"
      }
    },
    "node_modules/wicked-core-ts-linux-x64-gnu": {
      "version": "0.7.30",
      "resolved": "https://registry.npmjs.org/wicked-core-ts-linux-x64-gnu/-/wicked-core-ts-linux-x64-gnu-0.7.30.tgz",
      "integrity": "sha512-JEEMcazDr4cXgjqvb0wtu2JJhtv+2MY3J7kBeeemJdGDlorEBE0Tnf60FydlpG8hX43SEN2W+beujA3dDsdehg==",
      "cpu": [
        "x64"
      ],
      "libc": [
        "glibc"
      ],
      "license": "MIT",
      "optional": true,
      "os": [
        "linux"
      ],
      "engines": {
        "node": ">= 20"
      }
    },
    "node_modules/wicked-core-ts-win32-x64-msvc": {
      "version": "0.7.30",
      "resolved": "https://registry.npmjs.org/wicked-core-ts-win32-x64-msvc/-/wicked-core-ts-win32-x64-msvc-0.7.30.tgz",
      "integrity": "sha512-RKLB8hlpp1+Qoy+xy0x+JBNS5Df1CaIOQhTYfd2rgH0Y5WOZ8seJGKmJ7fw6URVpitdDnqahwguCd5tMnXUG6g==",
      "cpu": [
        "x64"
      ],
      "license": "MIT",
      "optional": true,
      "os": [
        "win32"
      ],
      "engines": {
        "node": ">= 20"
      }
    }
  }
}
