{
  "name": "wicked-core-ts",
  "version": "0.6.0",
  "lockfileVersion": 3,
  "requires": true,
  "packages": {
    "": {
      "name": "wicked-core-ts",
      "version": "0.6.0",
      "license": "MIT",
      "devDependencies": {
        "@napi-rs/cli": "^2.18.4"
      },
      "engines": {
        "node": ">= 20"
      },
      "optionalDependencies": {
        "wicked-core-ts-darwin-arm64": "0.5.0",
        "wicked-core-ts-darwin-x64": "0.5.0",
        "wicked-core-ts-linux-arm64-gnu": "0.5.0",
        "wicked-core-ts-linux-x64-gnu": "0.5.0",
        "wicked-core-ts-win32-x64-msvc": "0.5.0"
      }
    },
    "node_modules/@napi-rs/cli": {
      "version": "2.18.4",
      "resolved": "https://registry.npmjs.org/@napi-rs/cli/-/cli-2.18.4.tgz",
      "integrity": "sha512-SgJeA4df9DE2iAEpr3M2H0OKl/yjtg1BnRI5/JyowS71tUWhrfSu2LT0V3vlHET+g1hBVlrO60PmEXwUEKp8Mg==",
      "dev": true,
      "license": "MIT",
      "bin": {
        "napi": "scripts/index.js"
      },
      "engines": {
        "node": ">= 10"
      },
      "funding": {
        "type": "github",
        "url": "https://github.com/sponsors/Brooooooklyn"
      }
    },
    "node_modules/wicked-core-ts-darwin-arm64": {
      "version": "0.5.0",
      "resolved": "https://registry.npmjs.org/wicked-core-ts-darwin-arm64/-/wicked-core-ts-darwin-arm64-0.5.0.tgz",
      "integrity": "sha512-7tltH+K8+VEo1G/Ua7AidqcxErcwWE0RMpJCjdVNHA/cOTydjinnhPd6xHAVSsDRtjVSAmSltCGdrDno/EG8nw==",
      "cpu": [
        "arm64"
      ],
      "license": "MIT",
      "optional": true,
      "os": [
        "darwin"
      ],
      "engines": {
        "node": ">= 20"
      }
    },
    "node_modules/wicked-core-ts-darwin-x64": {
      "version": "0.5.0",
      "resolved": "https://registry.npmjs.org/wicked-core-ts-darwin-x64/-/wicked-core-ts-darwin-x64-0.5.0.tgz",
      "integrity": "sha512-sjTCg5Wq/kbwlOQS807d5s6Tz/TmpkRVqP6xifaHzbhBhtlaXhNg2+pFecUrViD8U/psfhH1InPtFVlvJdGpIQ==",
      "cpu": [
        "x64"
      ],
      "license": "MIT",
      "optional": true,
      "os": [
        "darwin"
      ],
      "engines": {
        "node": ">= 20"
      }
    },
    "node_modules/wicked-core-ts-linux-arm64-gnu": {
      "version": "0.5.0",
      "resolved": "https://registry.npmjs.org/wicked-core-ts-linux-arm64-gnu/-/wicked-core-ts-linux-arm64-gnu-0.5.0.tgz",
      "integrity": "sha512-6z7dNUsQN4ivz2NrCARR8R8rJyR3yIpq+nWJ5vMCGUs41SPLUnoMcdxY35yhc0BuUQyltANTCjGlUnE/abOMwg==",
      "cpu": [
        "arm64"
      ],
      "libc": [
        "glibc"
      ],
      "license": "MIT",
      "optional": true,
      "os": [
        "linux"
      ],
      "engines": {
        "node": ">= 20"
      }
    },
    "node_modules/wicked-core-ts-linux-x64-gnu": {
      "version": "0.5.0",
      "resolved": "https://registry.npmjs.org/wicked-core-ts-linux-x64-gnu/-/wicked-core-ts-linux-x64-gnu-0.5.0.tgz",
      "integrity": "sha512-WASzcIv9nZjE+KytEGgOzr1kkv7qO2pY522+3orl3so+QrEUscWNEHpXcJ8EA3Fs+7RVVLLXUjJKc123FoMqDg==",
      "cpu": [
        "x64"
      ],
      "libc": [
        "glibc"
      ],
      "license": "MIT",
      "optional": true,
      "os": [
        "linux"
      ],
      "engines": {
        "node": ">= 20"
      }
    },
    "node_modules/wicked-core-ts-win32-x64-msvc": {
      "version": "0.5.0",
      "resolved": "https://registry.npmjs.org/wicked-core-ts-win32-x64-msvc/-/wicked-core-ts-win32-x64-msvc-0.5.0.tgz",
      "integrity": "sha512-grDnjcw1hqKeGsqOEkOTWB1acYnX+lcYNfE7z/kvkgPEID55Gkkdm/lO0cdQIvqi9LUdYOaUeYHNkY0V5ZmB+w==",
      "cpu": [
        "x64"
      ],
      "license": "MIT",
      "optional": true,
      "os": [
        "win32"
      ],
      "engines": {
        "node": ">= 20"
      }
    }
  }
}
